// !$*UTF8*$!
{
	archiveVersion = 1;
	classes = {
	};
	objectVersion = 56;
	objects = {

/* Begin PBXBuildFile section */
		A8B1A9492A08A5A100B0CC9F /* AppDelegate.swift in Sources */ = {isa = PBXBuildFile; fileRef = A8B1A9482A08A5A100B0CC9F /* AppDelegate.swift */; };
		A8B1A94B2A08A5A100B0CC9F /* SceneDelegate.swift in Sources */ = {isa = PBXBuildFile; fileRef = A8B1A94A2A08A5A100B0CC9F /* SceneDelegate.swift */; };
		A8B1A94D2A08A5A100B0CC9F /* ViewController.swift in Sources */ = {isa = PBXBuildFile; fileRef = A8B1A94C2A08A5A100B0CC9F /* ViewController.swift */; };
		A8B1A9502A08A5A100B0CC9F /* Main.storyboard in Resources */ = {isa = PBXBuildFile; fileRef = A8B1A94E2A08A5A100B0CC9F /* Main.storyboard */; };
		A8B1A9532A08A5A100B0CC9F /* DI3.xcdatamodeld in Sources */ = {isa = PBXBuildFile; fileRef = A8B1A9512A08A5A100B0CC9F /* DI3.xcdatamodeld */; };
		A8B1A9552A08A5A200B0CC9F /* Assets.xcassets in Resources */ = {isa = PBXBuildFile; fileRef = A8B1A9542A08A5A200B0CC9F /* Assets.xcassets */; };
		A8B1A9582A08A5A200B0CC9F /* LaunchScreen.storyboard in Resources */ = {isa = PBXBuildFile; fileRef = A8B1A9562A08A5A200B0CC9F /* LaunchScreen.storyboard */; };
/* End PBXBuildFile section */

/* Begin PBXFileReference section */
		A8B1A9452A08A5A100B0CC9F /* DI3.app */ = {isa = PBXFileReference; explicitFileType = wrapper.application; includeInIndex = 0; path = DI3.app; sourceTree = BUILT_PRODUCTS_DIR; };
		A8B1A9482A08A5A100B0CC9F /* AppDelegate.swift */ = {isa = PBXFileReference; lastKnownFileType = sourcecode.swift; path = AppDelegate.swift; sourceTree = "<group>"; };
		A8B1A94A2A08A5A100B0CC9F /* SceneDelegate.swift */ = {isa = PBXFileReference; lastKnownFileType = sourcecode.swift; path = SceneDelegate.swift; sourceTree = "<group>"; };
		A8B1A94C2A08A5A100B0CC9F /* ViewController.swift */ = {isa = PBXFileReference; lastKnownFileType = sourcecode.swift; path = ViewController.swift; sourceTree = "<group>"; };
		A8B1A94F2A08A5A100B0CC9F /* Base */ = {isa = PBXFileReference; lastKnownFileType = file.storyboard; name = Base; path = Base.lproj/Main.storyboard; sourceTree = "<group>"; };
		A8B1A9522A08A5A100B0CC9F /* DI3.xcdatamodel */ = {isa = PBXFileReference; lastKnownFileType = wrapper.xcdatamodel; path = DI3.xcdatamodel; sourceTree = "<group>"; };
		A8B1A9542A08A5A200B0CC9F /* Assets.xcassets */ = {isa = PBXFileReference; lastKnownFileType = folder.assetcatalog; path = Assets.xcassets; sourceTree = "<group>"; };
		A8B1A9572A08A5A200B0CC9F /* Base */ = {isa = PBXFileReference; lastKnownFileType = file.storyboard; name = Base; path = Base.lproj/LaunchScreen.storyboard; sourceTree = "<group>"; };
		A8B1A9592A08A5A200B0CC9F /* Info.plist */ = {isa = PBXFileReference; lastKnownFileType = text.plist.xml; path = Info.plist; sourceTree = "<group>"; };
/* End PBXFileReference section */

/* Begin PBXFrameworksBuildPhase section */
		A8B1A9422A08A5A100B0CC9F /* Frameworks */ = {
			isa = PBXFrameworksBuildPhase;
			buildActionMask = 2147483647;
			files = (
			);
			runOnlyForDeploymentPostprocessing = 0;
		};
/* End PBXFrameworksBuildPhase section */

/* Begin PBXGroup section */
		A8B1A93C2A08A5A100B0CC9F = {
			isa = PBXGroup;
			children = (
				A8B1A9472A08A5A100B0CC9F /* DI3 */,
				A8B1A9462A08A5A100B0CC9F /* Products */,
			);
			sourceTree = "<group>";
		};
		A8B1A9462A08A5A100B0CC9F /* Products */ = {
			isa = PBXGroup;
			children = (
				A8B1A9452A08A5A100B0CC9F /* DI3.app */,
			);
			name = Products;
			sourceTree = "<group>";
		};
		A8B1A9472A08A5A100B0CC9F /* DI3 */ = {
			isa = PBXGroup;
			children = (
				A8B1A9482A08A5A100B0CC9F /* AppDelegate.swift */,
				A8B1A94A2A08A5A100B0CC9F /* SceneDelegate.swift */,
				A8B1A94C2A08A5A100B0CC9F /* ViewController.swift */,
				A8B1A94E2A08A5A100B0CC9F /* Main.storyboard */,
				A8B1A9542A08A5A200B0CC9F /* Assets.xcassets */,
				A8B1A9562A08A5A200B0CC9F /* LaunchScreen.storyboard */,
				A8B1A9592A08A5A200B0CC9F /* Info.plist */,
				A8B1A9512A08A5A100B0CC9F /* DI3.xcdatamodeld */,
			);
			path = DI3;
			sourceTree = "<group>";
		};
/* End PBXGroup section */

/* Begin PBXNativeTarget section */
		A8B1A9442A08A5A100B0CC9F /* DI3 */ = {
			isa = PBXNativeTarget;
			buildConfigurationList = A8B1A95C2A08A5A200B0CC9F /* Build configuration list for PBXNativeTarget "DI3" */;
			buildPhases = (
				A8B1A9412A08A5A100B0CC9F /* Sources */,
				A8B1A9422A08A5A100B0CC9F /* Frameworks */,
				A8B1A9432A08A5A100B0CC9F /* Resources */,
			);
			buildRules = (
			);
			dependencies = (
			);
			name = DI3;
			productName = DI3;
			productReference = A8B1A9452A08A5A100B0CC9F /* DI3.app */;
			productType = "com.apple.product-type.application";
		};
/* End PBXNativeTarget section */

/* Begin PBXProject section */
		A8B1A93D2A08A5A100B0CC9F /* Project object */ = {
			isa = PBXProject;
			attributes = {
				BuildIndependentTargetsInParallel = 1;
				LastSwiftUpdateCheck = 1420;
				LastUpgradeCheck = 1420;
				TargetAttributes = {
					A8B1A9442A08A5A100B0CC9F = {
						CreatedOnToolsVersion = 14.2;
					};
				};
			};
			buildConfigurationList = A8B1A9402A08A5A100B0CC9F /* Build configuration list for PBXProject "DI3" */;
			compatibilityVersion = "Xcode 14.0";
			developmentRegion = en;
			hasScannedForEncodings = 0;
			knownRegions = (
				en,
				Base,
			);
			mainGroup = A8B1A93C2A08A5A100B0CC9F;
			productRefGroup = A8B1A9462A08A5A100B0CC9F /* Products */;
			projectDirPath = "";
			projectRoot = "";
			targets = (
				A8B1A9442A08A5A100B0CC9F /* DI3 */,
			);
		};
/* End PBXProject section */

/* Begin PBXResourcesBuildPhase section */
		A8B1A9432A08A5A100B0CC9F /* Resources */ = {
			isa = PBXResourcesBuildPhase;
			buildActionMask = 2147483647;
			files = (
				A8B1A9582A08A5A200B0CC9F /* LaunchScreen.storyboard in Resources */,
				A8B1A9552A08A5A200B0CC9F /* Assets.xcassets in Resources */,
				A8B1A9502A08A5A100B0CC9F /* Main.storyboard in Resources */,
			);
			runOnlyForDeploymentPostprocessing = 0;
		};
/* End PBXResourcesBuildPhase section */

/* Begin PBXSourcesBuildPhase section */
		A8B1A9412A08A5A100B0CC9F /* Sources */ = {
			isa = PBXSourcesBuildPhase;
			buildActionMask = 2147483647;
			files = (
				A8B1A9532A08A5A100B0CC9F /* DI3.xcdatamodeld in Sources */,
				A8B1A94D2A08A5A100B0CC9F /* ViewController.swift in Sources */,
				A8B1A9492A08A5A100B0CC9F /* AppDelegate.swift in Sources */,
				A8B1A94B2A08A5A100B0CC9F /* SceneDelegate.swift in Sources */,
			);
			runOnlyForDeploymentPostprocessing = 0;
		};
/* End PBXSourcesBuildPhase section */

/* Begin PBXVariantGroup section */
		A8B1A94E2A08A5A100B0CC9F /* Main.storyboard */ = {
			isa = PBXVariantGroup;
			children = (
				A8B1A94F2A08A5A100B0CC9F /* Base */,
			);
			name = Main.storyboard;
			sourceTree = "<group>";
		};
		A8B1A9562A08A5A200B0CC9F /* LaunchScreen.storyboard */ = {
			isa = PBXVariantGroup;
			children = (
				A8B1A9572A08A5A200B0CC9F /* Base */,
			);
			name = LaunchScreen.storyboard;
			sourceTree = "<group>";
		};
/* End PBXVariantGroup section */

/* Begin XCBuildConfiguration section */
		A8B1A95A2A08A5A200B0CC9F /* Debug */ = {
			isa = XCBuildConfiguration;
			buildSettings = {
				ALWAYS_SEARCH_USER_PATHS = NO;
				CLANG_ANALYZER_NONNULL = YES;
				CLANG_ANALYZER_NUMBER_OBJECT_CONVERSION = YES_AGGRESSIVE;
				CLANG_CXX_LANGUAGE_STANDARD = "gnu++20";
				CLANG_ENABLE_MODULES = YES;
				CLANG_ENABLE_OBJC_ARC = YES;
				CLANG_ENABLE_OBJC_WEAK = YES;
				CLANG_WARN_BLOCK_CAPTURE_AUTORELEASING = YES;
				CLANG_WARN_BOOL_CONVERSION = YES;
				CLANG_WARN_COMMA = YES;
				CLANG_WARN_CONSTANT_CONVERSION = YES;
				CLANG_WARN_DEPRECATED_OBJC_IMPLEMENTATIONS = YES;
				CLANG_WARN_DIRECT_OBJC_ISA_USAGE = YES_ERROR;
				CLANG_WARN_DOCUMENTATION_COMMENTS = YES;
				CLANG_WARN_EMPTY_BODY = YES;
				CLANG_WARN_ENUM_CONVERSION = YES;
				CLANG_WARN_INFINITE_RECURSION = YES;
				CLANG_WARN_INT_CONVERSION = YES;
				CLANG_WARN_NON_LITERAL_NULL_CONVERSION = YES;
				CLANG_WARN_OBJC_IMPLICIT_RETAIN_SELF = YES;
				CLANG_WARN_OBJC_LITERAL_CONVERSION = YES;
				CLANG_WARN_OBJC_ROOT_CLASS = YES_ERROR;
				CLANG_WARN_QUOTED_INCLUDE_IN_FRAMEWORK_HEADER = YES;
				CLANG_WARN_RANGE_LOOP_ANALYSIS = YES;
				CLANG_WARN_STRICT_PROTOTYPES = YES;
				CLANG_WARN_SUSPICIOUS_MOVE = YES;
				CLANG_WARN_UNGUARDED_AVAILABILITY = YES_AGGRESSIVE;
				CLANG_WARN_UNREACHABLE_CODE = YES;
				CLANG_WARN__DUPLICATE_METHOD_MATCH = YES;
				COPY_PHASE_STRIP = NO;
				DEBUG_INFORMATION_FORMAT = dwarf;
				ENABLE_STRICT_OBJC_MSGSEND = YES;
				ENABLE_TESTABILITY = YES;
				GCC_C_LANGUAGE_STANDARD = gnu11;
				GCC_DYNAMIC_NO_PIC = NO;
				GCC_NO_COMMON_BLOCKS = YES;
				GCC_OPTIMIZATION_LEVEL = 0;
				GCC_PREPROCESSOR_DEFINITIONS = (
					"DEBUG=1",
					"$(inherited)",
				);
				GCC_WARN_64_TO_32_BIT_CONVERSION = YES;
				GCC_WARN_ABOUT_RETURN_TYPE = YES_ERROR;
				GCC_WARN_UNDECLARED_SELECTOR = YES;
				GCC_WARN_UNINITIALIZED_AUTOS = YES_AGGRESSIVE;
				GCC_WARN_UNUSED_FUNCTION = YES;
				GCC_WARN_UNUSED_VARIABLE = YES;
				IPHONEOS_DEPLOYMENT_TARGET = 16.2;
				MTL_ENABLE_DEBUG_INFO = INCLUDE_SOURCE;
				MTL_FAST_MATH = YES;
				ONLY_ACTIVE_ARCH = YES;
				SDKROOT = iphoneos;
				SWIFT_ACTIVE_COMPILATION_CONDITIONS = DEBUG;
				SWIFT_OPTIMIZATION_LEVEL = "-Onone";
			};
			name = Debug;
		};
		A8B1A95B2A08A5A200B0CC9F /* Release */ = {
			isa = XCBuildConfiguration;
			buildSettings = {
				ALWAYS_SEARCH_USER_PATHS = NO;
				CLANG_ANALYZER_NONNULL = YES;
				CLANG_ANALYZER_NUMBER_OBJECT_CONVERSION = YES_AGGRESSIVE;
				CLANG_CXX_LANGUAGE_STANDARD = "gnu++20";
				CLANG_ENABLE_MODULES = YES;
				CLANG_ENABLE_OBJC_ARC = YES;
				CLANG_ENABLE_OBJC_WEAK = YES;
				CLANG_WARN_BLOCK_CAPTURE_AUTORELEASING = YES;
				CLANG_WARN_BOOL_CONVERSION = YES;
				CLANG_WARN_COMMA = YES;
				CLANG_WARN_CONSTANT_CONVERSION = YES;
				CLANG_WARN_DEPRECATED_OBJC_IMPLEMENTATIONS = YES;
				CLANG_WARN_DIRECT_OBJC_ISA_USAGE = YES_ERROR;
				CLANG_WARN_DOCUMENTATION_COMMENTS = YES;
				CLANG_WARN_EMPTY_BODY = YES;
				CLANG_WARN_ENUM_CONVERSION = YES;
				CLANG_WARN_INFINITE_RECURSION = YES;
				CLANG_WARN_INT_CONVERSION = YES;
				CLANG_WARN_NON_LITERAL_NULL_CONVERSION = YES;
				CLANG_WARN_OBJC_IMPLICIT_RETAIN_SELF = YES;
				CLANG_WARN_OBJC_LITERAL_CONVERSION = YES;
				CLANG_WARN_OBJC_ROOT_CLASS = YES_ERROR;
				CLANG_WARN_QUOTED_INCLUDE_IN_FRAMEWORK_HEADER = YES;
				CLANG_WARN_RANGE_LOOP_ANALYSIS = YES;
				CLANG_WARN_STRICT_PROTOTYPES = YES;
				CLANG_WARN_SUSPICIOUS_MOVE = YES;
				CLANG_WARN_UNGUARDED_AVAILABILITY = YES_AGGRESSIVE;
				CLANG_WARN_UNREACHABLE_CODE = YES;
				CLANG_WARN__DUPLICATE_METHOD_MATCH = YES;
				COPY_PHASE_STRIP = NO;
				DEBUG_INFORMATION_FORMAT = "dwarf-with-dsym";
				ENABLE_NS_ASSERTIONS = NO;
				ENABLE_STRICT_OBJC_MSGSEND = YES;
				GCC_C_LANGUAGE_STANDARD = gnu11;
				GCC_NO_COMMON_BLOCKS = YES;
				GCC_WARN_64_TO_32_BIT_CONVERSION = YES;
				GCC_WARN_ABOUT_RETURN_TYPE = YES_ERROR;
				GCC_WARN_UNDECLARED_SELECTOR = YES;
				GCC_WARN_UNINITIALIZED_AUTOS = YES_AGGRESSIVE;
				GCC_WARN_UNUSED_FUNCTION = YES;
				GCC_WARN_UNUSED_VARIABLE = YES;
				IPHONEOS_DEPLOYMENT_TARGET = 16.2;
				MTL_ENABLE_DEBUG_INFO = NO;
				MTL_FAST_MATH = YES;
				SDKROOT = iphoneos;
				SWIFT_COMPILATION_MODE = wholemodule;
				SWIFT_OPTIMIZATION_LEVEL = "-O";
				VALIDATE_PRODUCT = YES;
			};
			name = Release;
		};
		A8B1A95D2A08A5A200B0CC9F /* Debug */ = {
			isa = XCBuildConfiguration;
			buildSettings = {
				ASSETCATALOG_COMPILER_APPICON_NAME = AppIcon;
				ASSETCATALOG_COMPILER_GLOBAL_ACCENT_COLOR_NAME = AccentColor;
				CODE_SIGN_STYLE = Automatic;
				CURRENT_PROJECT_VERSION = 1;
				DEVELOPMENT_TEAM = 37LDHF3FZ7;
				GENERATE_INFOPLIST_FILE = YES;
				INFOPLIST_FILE = DI3/Info.plist;
				INFOPLIST_KEY_UIApplicationSupportsIndirectInputEvents = YES;
				INFOPLIST_KEY_UILaunchStoryboardName = LaunchScreen;
				INFOPLIST_KEY_UIMainStoryboardFile = Main;
				INFOPLIST_KEY_UISupportedInterfaceOrientations_iPad = "UIInterfaceOrientationPortrait UIInterfaceOrientationPortraitUpsideDown UIInterfaceOrientationLandscapeLeft UIInterfaceOrientationLandscapeRight";
				INFOPLIST_KEY_UISupportedInterfaceOrientations_iPhone = "UIInterfaceOrientationPortrait UIInterfaceOrientationLandscapeLeft UIInterfaceOrientationLandscapeRight";
				LD_RUNPATH_SEARCH_PATHS = (
					"$(inherited)",
					"@executable_path/Frameworks",
				);
				MARKETING_VERSION = 1.0;
				PRODUCT_BUNDLE_IDENTIFIER = com.pinstar.DI3;
				PRODUCT_NAME = "$(TARGET_NAME)";
				SWIFT_EMIT_LOC_STRINGS = YES;
				SWIFT_VERSION = 5.0;
				TARGETED_DEVICE_FAMILY = "1,2";
			};
			name = Debug;
		};
		A8B1A95E2A08A5A200B0CC9F /* Release */ = {
			isa = XCBuildConfiguration;
			buildSettings = {
				ASSETCATALOG_COMPILER_APPICON_NAME = AppIcon;
				ASSETCATALOG_COMPILER_GLOBAL_ACCENT_COLOR_NAME = AccentColor;
				CODE_SIGN_STYLE = Automatic;
				CURRENT_PROJECT_VERSION = 1;
				DEVELOPMENT_TEAM = 37LDHF3FZ7;
				GENERATE_INFOPLIST_FILE = YES;
				INFOPLIST_FILE = DI3/Info.plist;
				INFOPLIST_KEY_UIApplicationSupportsIndirectInputEvents = YES;
				INFOPLIST_KEY_UILaunchStoryboardName = LaunchScreen;
				INFOPLIST_KEY_UIMainStoryboardFile = Main;
				INFOPLIST_KEY_UISupportedInterfaceOrientations_iPad = "UIInterfaceOrientationPortrait UIInterfaceOrientationPortraitUpsideDown UIInterfaceOrientationLandscapeLeft UIInterfaceOrientationLandscapeRight";
				INFOPLIST_KEY_UISupportedInterfaceOrientations_iPhone = "UIInterfaceOrientationPortrait UIInterfaceOrientationLandscapeLeft UIInterfaceOrientationLandscapeRight";
				LD_RUNPATH_SEARCH_PATHS = (
					"$(inherited)",
					"@executable_path/Frameworks",
				);
				MARKETING_VERSION = 1.0;
				PRODUCT_BUNDLE_IDENTIFIER = com.pinstar.DI3;
				PRODUCT_NAME = "$(TARGET_NAME)";
				SWIFT_EMIT_LOC_STRINGS = YES;
				SWIFT_VERSION = 5.0;
				TARGETED_DEVICE_FAMILY = "1,2";
			};
			name = Release;
		};
/* End XCBuildConfiguration section */

/* Begin XCConfigurationList section */
		A8B1A9402A08A5A100B0CC9F /* Build configuration list for PBXProject "DI3" */ = {
			isa = XCConfigurationList;
			buildConfigurations = (
				A8B1A95A2A08A5A200B0CC9F /* Debug */,
				A8B1A95B2A08A5A200B0CC9F /* Release */,
			);
			defaultConfigurationIsVisible = 0;
			defaultConfigurationName = Release;
		};
		A8B1A95C2A08A5A200B0CC9F /* Build configuration list for PBXNativeTarget "DI3" */ = {
			isa = XCConfigurationList;
			buildConfigurations = (
				A8B1A95D2A08A5A200B0CC9F /* Debug */,
				A8B1A95E2A08A5A200B0CC9F /* Release */,
			);
			defaultConfigurationIsVisible = 0;
			defaultConfigurationName = Release;
		};
/* End XCConfigurationList section */

/* Begin XCVersionGroup section */
		A8B1A9512A08A5A100B0CC9F /* DI3.xcdatamodeld */ = {
			isa = XCVersionGroup;
			children = (
				A8B1A9522A08A5A100B0CC9F /* DI3.xcdatamodel */,
			);
			currentVersion = A8B1A9522A08A5A100B0CC9F /* DI3.xcdatamodel */;
			path = DI3.xcdatamodeld;
			sourceTree = "<group>";
			versionGroupType = wrapper.xcdatamodel;
		};
/* End XCVersionGroup section */
	};
	rootObject = A8B1A93D2A08A5A100B0CC9F /* Project object */;
}
